
Microsoft Visual Studio Solution File, Format Version 12.00
# Visual Studio Version 17
VisualStudioVersion = 17.10.34916.146
MinimumVisualStudioVersion = 10.0.40219.1
Project("{9A19103F-16F7-4668-BE54-9A1E7A4F7556}") = "Wasserzaehler", "Wasserzaehler.csproj", "{D1C9499A-E1FE-4069-8F44-DE5DAB893923}"
EndProject
Project("{FAE04EC0-301F-11D3-BF4B-00C04F79EFBC}") = "Wasserzahler.Data", "..\Wasserzahler.Data\Wasserzahler.Data.csproj", "{2B3E5888-ADCB-426D-BA99-290EB1BA96FE}"
EndProject
Global
	GlobalSection(SolutionConfigurationPlatforms) = preSolution
		Debug|Any CPU = Debug|Any CPU
		Release|Any CPU = Release|Any CPU
	EndGlobalSection
	GlobalSection(ProjectConfigurationPlatforms) = postSolution
		{D1C9499A-E1FE-4069-8F44-DE5DAB893923}.Debug|Any CPU.ActiveCfg = Debug|Any CPU
		{D1C9499A-E1FE-4069-8F44-DE5DAB893923}.Debug|Any CPU.Build.0 = Debug|Any CPU
		{D1C9499A-E1FE-4069-8F44-DE5DAB893923}.Debug|Any CPU.Deploy.0 = Debug|Any CPU
		{D1C9499A-E1FE-4069-8F44-DE5DAB893923}.Release|Any CPU.ActiveCfg = Release|Any CPU
		{D1C9499A-E1FE-4069-8F44-DE5DAB893923}.Release|Any CPU.Build.0 = Release|Any CPU
		{D1C9499A-E1FE-4069-8F44-DE5DAB893923}.Release|Any CPU.Deploy.0 = Release|Any CPU
		{2B3E5888-ADCB-426D-BA99-290EB1BA96FE}.Debug|Any CPU.ActiveCfg = Debug|Any CPU
		{2B3E5888-ADCB-426D-BA99-290EB1BA96FE}.Debug|Any CPU.Build.0 = Debug|Any CPU
		{2B3E5888-ADCB-426D-BA99-290EB1BA96FE}.Release|Any CPU.ActiveCfg = Release|Any CPU
		{2B3E5888-ADCB-426D-BA99-290EB1BA96FE}.Release|Any CPU.Build.0 = Release|Any CPU
	EndGlobalSection
	GlobalSection(SolutionProperties) = preSolution
		HideSolutionNode = FALSE
	EndGlobalSection
	GlobalSection(ExtensibilityGlobals) = postSolution
		SolutionGuid = {95F4A4FB-8EF8-4AF3-990C-FCC0E2DA6A32}
	EndGlobalSection
EndGlobal
